%{
  "castore": {:hex, :castore, "1.0.17", "4f9770d2d45fbd91dcf6bd404cf64e7e58fed04fadda0923dc32acca0badffa2", [:mix], [], "hexpm", "12d24b9d80b910dd3953e165636d68f147a31db945d2dcb9365e441f8b5351e5"},
  "elixir_make": {:hex, :elixir_make, "0.9.0", "6484b3cd8c0cee58f09f05ecaf1a140a8c97670671a6a0e7ab4dc326c3109726", [:mix], [], "hexpm", "db23d4fd8b757462ad02f8aa73431a426fe6671c80b200d9710caf3d1dd0ffdb"},
  "interactive_cmd": {:hex, :interactive_cmd, "0.1.2", "436410e31021010941fecf7c3da85064be41128a9f54cb7e29d30df29b2ae281", [:mix], [], "hexpm", "0eeca10e76659293b43227d3253e47f4911964f5141975b7556f567f960e7052"},
  "jason": {:hex, :jason, "1.4.4", "b9226785a9aa77b6857ca22832cffa5d5011a667207eb2a0ad56adb5db443b8a", [:mix], [{:decimal, "~> 1.0 or ~> 2.0", [hex: :decimal, repo: "hexpm", optional: true]}], "hexpm", "c5eb0cab91f094599f94d55bc63409236a8ec69a21a67814529e8d5f6cc90b3b"},
  "nerves": {:hex, :nerves, "1.13.0", "0e8a1d9afe272b76b785ebfc8350c6be7e97d473ad6df011c5cd56534be965d2", [:make, :mix], [{:castore, "~> 0.1 or ~> 1.0", [hex: :castore, repo: "hexpm", optional: false]}, {:elixir_make, "~> 0.6", [hex: :elixir_make, repo: "hexpm", optional: false]}, {:interactive_cmd, "~> 0.1.2", [hex: :interactive_cmd, repo: "hexpm", optional: false]}, {:jason, "~> 1.2", [hex: :jason, repo: "hexpm", optional: false]}, {:nerves_discovery, "~> 0.1.0", [hex: :nerves_discovery, repo: "hexpm", optional: false]}, {:tablet, "~> 0.3.1", [hex: :tablet, repo: "hexpm", optional: false]}], "hexpm", "2e70c74649ed2fc4b53e6850f8a92061d5ff96bc457b58fde7c6e39803af84d9"},
  "nerves_discovery": {:hex, :nerves_discovery, "0.1.1", "ec5b41e164754cae1edba0c32d887739d1cdf677282c729f7c6ef9ec29fb4136", [:mix], [], "hexpm", "01008258f60637d47c5c35e94bdf4ca8588da0a55156562508789316f17b8b5e"},
  "nerves_system_br": {:hex, :nerves_system_br, "1.33.0", "525181259a21da50c040de7c651ba85ce10d7e1336daf5e69d272fbb1bb573c2", [:mix], [], "hexpm", "53207385352602b74235084ff5be9b145d61bbccf9304eebc689f5b96e08bf02"},
  "nerves_toolchain_aarch64_nerves_linux_gnu": {:hex, :nerves_toolchain_aarch64_nerves_linux_gnu, "13.2.0", "68fcd2c21c86cceb9545948fae052d72f88b7c7c10205b252dac88559e2a3369", [:mix], [{:nerves, "~> 1.4", [hex: :nerves, repo: "hexpm", optional: false]}, {:nerves_toolchain_ctng, "~> 1.10.0", [hex: :nerves_toolchain_ctng, repo: "hexpm", optional: false]}], "hexpm", "f92212606919a062f975e7bd82ed8a1b95bd4864abb3444cd0d5d0e610e94cc5"},
  "nerves_toolchain_ctng": {:hex, :nerves_toolchain_ctng, "1.10.0", "c6b35377a0b7a93633a8673a788f1580fe1fa06083374b0e4df36da65828d2ef", [:mix], [{:nerves, "~> 1.0", [hex: :nerves, repo: "hexpm", optional: false]}], "hexpm", "e4ae1a2b84de3502ecac195765819be0ce2834eb276553163a7c03133f1760f1"},
  "tablet": {:hex, :tablet, "0.3.1", "7f09f2483d9dfb81f5695cad7be6e357d1783c3e8fb99c97d63f1a1eccea4836", [:mix], [], "hexpm", "c4d148d1da2dd0a22f21e0eccfef1b6a438652ddef401766db0adc1b3ea7f830"},
}
